
Microsoft Visual Studio Solution File, Format Version 12.00
# Visual Studio Version 16
VisualStudioVersion = 16.0.29920.165
MinimumVisualStudioVersion = 10.0.40219.1
Project("{FAE04EC0-301F-11D3-BF4B-00C04F79EFBC}") = "BuilderDesignPattern", "BuilderDesignPattern\BuilderDesignPattern.csproj", "{263D1380-8429-45E4-9F84-3DADAA804A19}"
EndProject
Project("{FAE04EC0-301F-11D3-BF4B-00C04F79EFBC}") = "FluentBuilderDesignPattern", "..\FluentBuilderDesignPattern\FluentBuilderDesignPattern.csproj", "{307E0FBC-54D9-4B7F-98CC-0C5246C44071}"
EndProject
Project("{FAE04EC0-301F-11D3-BF4B-00C04F79EFBC}") = "FacetedBuilderDesignPattern", "..\FacetedBuilderDesignPattern\FacetedBuilderDesignPattern.csproj", "{35962D87-72C5-4E98-9158-2A19F272F811}"
EndProject
Project("{9A19103F-16F7-4668-BE54-9A1E7A4F7556}") = "FactoryMethodDesignPattern", "FactoryMethodDesignPattern\FactoryMethodDesignPattern.csproj", "{D6397A7A-00CD-46DC-A27D-DB3511B80AFC}"
EndProject
Project("{FAE04EC0-301F-11D3-BF4B-00C04F79EFBC}") = "SingletonDesignPattern", "SingletonDesignPattern\SingletonDesignPattern.csproj", "{A7E94494-FD7C-4C76-926C-F839ADE33BA3}"
EndProject
Project("{FAE04EC0-301F-11D3-BF4B-00C04F79EFBC}") = "AdapterDesignPattern", "AdapterDesignPattern\AdapterDesignPattern.csproj", "{E8F1B3E0-E5F2-4D32-8B7A-BCF09C74765C}"
EndProject
Global
	GlobalSection(SolutionConfigurationPlatforms) = preSolution
		Debug|Any CPU = Debug|Any CPU
		Release|Any CPU = Release|Any CPU
	EndGlobalSection
	GlobalSection(ProjectConfigurationPlatforms) = postSolution
		{263D1380-8429-45E4-9F84-3DADAA804A19}.Debug|Any CPU.ActiveCfg = Debug|Any CPU
		{263D1380-8429-45E4-9F84-3DADAA804A19}.Debug|Any CPU.Build.0 = Debug|Any CPU
		{263D1380-8429-45E4-9F84-3DADAA804A19}.Release|Any CPU.ActiveCfg = Release|Any CPU
		{263D1380-8429-45E4-9F84-3DADAA804A19}.Release|Any CPU.Build.0 = Release|Any CPU
		{307E0FBC-54D9-4B7F-98CC-0C5246C44071}.Debug|Any CPU.ActiveCfg = Debug|Any CPU
		{307E0FBC-54D9-4B7F-98CC-0C5246C44071}.Debug|Any CPU.Build.0 = Debug|Any CPU
		{307E0FBC-54D9-4B7F-98CC-0C5246C44071}.Release|Any CPU.ActiveCfg = Release|Any CPU
		{307E0FBC-54D9-4B7F-98CC-0C5246C44071}.Release|Any CPU.Build.0 = Release|Any CPU
		{35962D87-72C5-4E98-9158-2A19F272F811}.Debug|Any CPU.ActiveCfg = Debug|Any CPU
		{35962D87-72C5-4E98-9158-2A19F272F811}.Debug|Any CPU.Build.0 = Debug|Any CPU
		{35962D87-72C5-4E98-9158-2A19F272F811}.Release|Any CPU.ActiveCfg = Release|Any CPU
		{35962D87-72C5-4E98-9158-2A19F272F811}.Release|Any CPU.Build.0 = Release|Any CPU
		{D6397A7A-00CD-46DC-A27D-DB3511B80AFC}.Debug|Any CPU.ActiveCfg = Debug|Any CPU
		{D6397A7A-00CD-46DC-A27D-DB3511B80AFC}.Debug|Any CPU.Build.0 = Debug|Any CPU
		{D6397A7A-00CD-46DC-A27D-DB3511B80AFC}.Release|Any CPU.ActiveCfg = Release|Any CPU
		{D6397A7A-00CD-46DC-A27D-DB3511B80AFC}.Release|Any CPU.Build.0 = Release|Any CPU
		{A7E94494-FD7C-4C76-926C-F839ADE33BA3}.Debug|Any CPU.ActiveCfg = Debug|Any CPU
		{A7E94494-FD7C-4C76-926C-F839ADE33BA3}.Debug|Any CPU.Build.0 = Debug|Any CPU
		{A7E94494-FD7C-4C76-926C-F839ADE33BA3}.Release|Any CPU.ActiveCfg = Release|Any CPU
		{A7E94494-FD7C-4C76-926C-F839ADE33BA3}.Release|Any CPU.Build.0 = Release|Any CPU
		{E8F1B3E0-E5F2-4D32-8B7A-BCF09C74765C}.Debug|Any CPU.ActiveCfg = Debug|Any CPU
		{E8F1B3E0-E5F2-4D32-8B7A-BCF09C74765C}.Debug|Any CPU.Build.0 = Debug|Any CPU
		{E8F1B3E0-E5F2-4D32-8B7A-BCF09C74765C}.Release|Any CPU.ActiveCfg = Release|Any CPU
		{E8F1B3E0-E5F2-4D32-8B7A-BCF09C74765C}.Release|Any CPU.Build.0 = Release|Any CPU
	EndGlobalSection
	GlobalSection(SolutionProperties) = preSolution
		HideSolutionNode = FALSE
	EndGlobalSection
	GlobalSection(ExtensibilityGlobals) = postSolution
		SolutionGuid = {0C9BB39F-481B-45B9-B0BC-E0F214C0D5B3}
	EndGlobalSection
EndGlobal
