
Microsoft Visual Studio Solution File, Format Version 12.00
# Visual Studio Version 17
VisualStudioVersion = 17.6.33829.357
MinimumVisualStudioVersion = 10.0.40219.1
Project("{9A19103F-16F7-4668-BE54-9A1E7A4F7556}") = "SingleResponsibilityPrinciple", "SingleResponsibilityPrinciple\SingleResponsibilityPrinciple.csproj", "{0E5DED37-E1BF-4A8C-B631-397D5DE5029F}"
EndProject
Project("{9A19103F-16F7-4668-BE54-9A1E7A4F7556}") = "TextToHtmlConvertorTests", "TextToHtmlConvertorTests\TextToHtmlConvertorTests.csproj", "{DEF8E7FB-F32B-48C5-9BE6-443720C1832C}"
EndProject
Project("{9A19103F-16F7-4668-BE54-9A1E7A4F7556}") = "FactoryDesignPatternGuru", "FactoryDesignPatternGuru\FactoryDesignPatternGuru.csproj", "{F57C73AE-73E2-4151-AFB3-B82FAF5E1CBA}"
EndProject
Project("{9A19103F-16F7-4668-BE54-9A1E7A4F7556}") = "AbstractFactoryDesignPatternGuru", "AbstractFactoryDesignPatternGuru\AbstractFactoryDesignPatternGuru.csproj", "{5ACBAF5A-C4F2-4E71-80D9-96DA5DA588E3}"
EndProject
Project("{9A19103F-16F7-4668-BE54-9A1E7A4F7556}") = "BuilderDesignPatternGuru", "BuilderDesignPatternGuru\BuilderDesignPatternGuru.csproj", "{BC26ABFE-B395-49BE-973E-5EFAF2D49343}"
EndProject
Project("{9A19103F-16F7-4668-BE54-9A1E7A4F7556}") = "PrototypeDesignPatternGuru", "PrototypeDesignPatternGuru\PrototypeDesignPatternGuru.csproj", "{5A2A0D92-7E0B-45A3-814A-46D34FE8F810}"
EndProject
Project("{9A19103F-16F7-4668-BE54-9A1E7A4F7556}") = "SingletonDesignPatternGuru", "SingletonDesignPatternGuru\SingletonDesignPatternGuru.csproj", "{03919FA9-B6EB-4964-B8A1-DD7CE2346F9E}"
EndProject
Project("{FAE04EC0-301F-11D3-BF4B-00C04F79EFBC}") = "AdapterDesignPattern", "AdapterDesignPattern\AdapterDesignPattern.csproj", "{4747674E-338D-4307-91F8-7A2B07DF7516}"
EndProject
Global
	GlobalSection(SolutionConfigurationPlatforms) = preSolution
		Debug|Any CPU = Debug|Any CPU
		Release|Any CPU = Release|Any CPU
	EndGlobalSection
	GlobalSection(ProjectConfigurationPlatforms) = postSolution
		{0E5DED37-E1BF-4A8C-B631-397D5DE5029F}.Debug|Any CPU.ActiveCfg = Debug|Any CPU
		{0E5DED37-E1BF-4A8C-B631-397D5DE5029F}.Debug|Any CPU.Build.0 = Debug|Any CPU
		{0E5DED37-E1BF-4A8C-B631-397D5DE5029F}.Release|Any CPU.ActiveCfg = Release|Any CPU
		{0E5DED37-E1BF-4A8C-B631-397D5DE5029F}.Release|Any CPU.Build.0 = Release|Any CPU
		{DEF8E7FB-F32B-48C5-9BE6-443720C1832C}.Debug|Any CPU.ActiveCfg = Debug|Any CPU
		{DEF8E7FB-F32B-48C5-9BE6-443720C1832C}.Debug|Any CPU.Build.0 = Debug|Any CPU
		{DEF8E7FB-F32B-48C5-9BE6-443720C1832C}.Release|Any CPU.ActiveCfg = Release|Any CPU
		{DEF8E7FB-F32B-48C5-9BE6-443720C1832C}.Release|Any CPU.Build.0 = Release|Any CPU
		{F57C73AE-73E2-4151-AFB3-B82FAF5E1CBA}.Debug|Any CPU.ActiveCfg = Debug|Any CPU
		{F57C73AE-73E2-4151-AFB3-B82FAF5E1CBA}.Debug|Any CPU.Build.0 = Debug|Any CPU
		{F57C73AE-73E2-4151-AFB3-B82FAF5E1CBA}.Release|Any CPU.ActiveCfg = Release|Any CPU
		{F57C73AE-73E2-4151-AFB3-B82FAF5E1CBA}.Release|Any CPU.Build.0 = Release|Any CPU
		{5ACBAF5A-C4F2-4E71-80D9-96DA5DA588E3}.Debug|Any CPU.ActiveCfg = Debug|Any CPU
		{5ACBAF5A-C4F2-4E71-80D9-96DA5DA588E3}.Debug|Any CPU.Build.0 = Debug|Any CPU
		{5ACBAF5A-C4F2-4E71-80D9-96DA5DA588E3}.Release|Any CPU.ActiveCfg = Release|Any CPU
		{5ACBAF5A-C4F2-4E71-80D9-96DA5DA588E3}.Release|Any CPU.Build.0 = Release|Any CPU
		{BC26ABFE-B395-49BE-973E-5EFAF2D49343}.Debug|Any CPU.ActiveCfg = Debug|Any CPU
		{BC26ABFE-B395-49BE-973E-5EFAF2D49343}.Debug|Any CPU.Build.0 = Debug|Any CPU
		{BC26ABFE-B395-49BE-973E-5EFAF2D49343}.Release|Any CPU.ActiveCfg = Release|Any CPU
		{BC26ABFE-B395-49BE-973E-5EFAF2D49343}.Release|Any CPU.Build.0 = Release|Any CPU
		{5A2A0D92-7E0B-45A3-814A-46D34FE8F810}.Debug|Any CPU.ActiveCfg = Debug|Any CPU
		{5A2A0D92-7E0B-45A3-814A-46D34FE8F810}.Debug|Any CPU.Build.0 = Debug|Any CPU
		{5A2A0D92-7E0B-45A3-814A-46D34FE8F810}.Release|Any CPU.ActiveCfg = Release|Any CPU
		{5A2A0D92-7E0B-45A3-814A-46D34FE8F810}.Release|Any CPU.Build.0 = Release|Any CPU
		{03919FA9-B6EB-4964-B8A1-DD7CE2346F9E}.Debug|Any CPU.ActiveCfg = Debug|Any CPU
		{03919FA9-B6EB-4964-B8A1-DD7CE2346F9E}.Debug|Any CPU.Build.0 = Debug|Any CPU
		{03919FA9-B6EB-4964-B8A1-DD7CE2346F9E}.Release|Any CPU.ActiveCfg = Release|Any CPU
		{03919FA9-B6EB-4964-B8A1-DD7CE2346F9E}.Release|Any CPU.Build.0 = Release|Any CPU
		{4747674E-338D-4307-91F8-7A2B07DF7516}.Debug|Any CPU.ActiveCfg = Debug|Any CPU
		{4747674E-338D-4307-91F8-7A2B07DF7516}.Debug|Any CPU.Build.0 = Debug|Any CPU
		{4747674E-338D-4307-91F8-7A2B07DF7516}.Release|Any CPU.ActiveCfg = Release|Any CPU
		{4747674E-338D-4307-91F8-7A2B07DF7516}.Release|Any CPU.Build.0 = Release|Any CPU
	EndGlobalSection
	GlobalSection(SolutionProperties) = preSolution
		HideSolutionNode = FALSE
	EndGlobalSection
	GlobalSection(ExtensibilityGlobals) = postSolution
		SolutionGuid = {0C9BB39F-481B-45B9-B0BC-E0F214C0D5B3}
	EndGlobalSection
EndGlobal
